
Microsoft Visual Studio Solution File, Format Version 12.00
# Visual Studio Version 16
VisualStudioVersion = 16.0.29806.167
MinimumVisualStudioVersion = 10.0.40219.1
Project("{9A19103F-16F7-4668-BE54-9A1E7A4F7556}") = "Agh.eSzachy", "Agh.eSzachy.csproj", "{ACA1D5B6-E7DF-4112-BCA3-3849CE18F768}"
EndProject
Project("{9A19103F-16F7-4668-BE54-9A1E7A4F7556}") = "SigSpec.Console", "..\SigSpec2\src\SigSpec.Console\SigSpec.Console.csproj", "{2333CA37-B846-46F4-8BCE-317B0315FB80}"
EndProject
Project("{9A19103F-16F7-4668-BE54-9A1E7A4F7556}") = "SigSpec.Core", "..\SigSpec2\src\SigSpec.Core\SigSpec.Core.csproj", "{6D419CE9-A085-4A17-BB9E-5644F5F7550D}"
EndProject
Project("{9A19103F-16F7-4668-BE54-9A1E7A4F7556}") = "SigSpec.CodeGeneration.TypeScript", "..\SigSpec2\src\SigSpec.CodeGeneration.TypeScript\SigSpec.CodeGeneration.TypeScript.csproj", "{17E30B1C-E3B9-427F-8395-B372F8240EB3}"
EndProject
Project("{9A19103F-16F7-4668-BE54-9A1E7A4F7556}") = "SigSpec.CodeGeneration", "..\SigSpec2\src\SigSpec.CodeGeneration\SigSpec.CodeGeneration.csproj", "{55C75A9D-3CED-43E3-B114-F072A6675583}"
EndProject
Global
	GlobalSection(SolutionConfigurationPlatforms) = preSolution
		Debug|Any CPU = Debug|Any CPU
		Release|Any CPU = Release|Any CPU
	EndGlobalSection
	GlobalSection(ProjectConfigurationPlatforms) = postSolution
		{ACA1D5B6-E7DF-4112-BCA3-3849CE18F768}.Debug|Any CPU.ActiveCfg = Debug|Any CPU
		{ACA1D5B6-E7DF-4112-BCA3-3849CE18F768}.Debug|Any CPU.Build.0 = Debug|Any CPU
		{ACA1D5B6-E7DF-4112-BCA3-3849CE18F768}.Release|Any CPU.ActiveCfg = Release|Any CPU
		{ACA1D5B6-E7DF-4112-BCA3-3849CE18F768}.Release|Any CPU.Build.0 = Release|Any CPU
		{2333CA37-B846-46F4-8BCE-317B0315FB80}.Debug|Any CPU.ActiveCfg = Debug|Any CPU
		{2333CA37-B846-46F4-8BCE-317B0315FB80}.Debug|Any CPU.Build.0 = Debug|Any CPU
		{2333CA37-B846-46F4-8BCE-317B0315FB80}.Release|Any CPU.ActiveCfg = Release|Any CPU
		{2333CA37-B846-46F4-8BCE-317B0315FB80}.Release|Any CPU.Build.0 = Release|Any CPU
		{6D419CE9-A085-4A17-BB9E-5644F5F7550D}.Debug|Any CPU.ActiveCfg = Debug|Any CPU
		{6D419CE9-A085-4A17-BB9E-5644F5F7550D}.Debug|Any CPU.Build.0 = Debug|Any CPU
		{6D419CE9-A085-4A17-BB9E-5644F5F7550D}.Release|Any CPU.ActiveCfg = Release|Any CPU
		{6D419CE9-A085-4A17-BB9E-5644F5F7550D}.Release|Any CPU.Build.0 = Release|Any CPU
		{17E30B1C-E3B9-427F-8395-B372F8240EB3}.Debug|Any CPU.ActiveCfg = Debug|Any CPU
		{17E30B1C-E3B9-427F-8395-B372F8240EB3}.Debug|Any CPU.Build.0 = Debug|Any CPU
		{17E30B1C-E3B9-427F-8395-B372F8240EB3}.Release|Any CPU.ActiveCfg = Release|Any CPU
		{17E30B1C-E3B9-427F-8395-B372F8240EB3}.Release|Any CPU.Build.0 = Release|Any CPU
		{55C75A9D-3CED-43E3-B114-F072A6675583}.Debug|Any CPU.ActiveCfg = Debug|Any CPU
		{55C75A9D-3CED-43E3-B114-F072A6675583}.Debug|Any CPU.Build.0 = Debug|Any CPU
		{55C75A9D-3CED-43E3-B114-F072A6675583}.Release|Any CPU.ActiveCfg = Release|Any CPU
		{55C75A9D-3CED-43E3-B114-F072A6675583}.Release|Any CPU.Build.0 = Release|Any CPU
	EndGlobalSection
	GlobalSection(SolutionProperties) = preSolution
		HideSolutionNode = FALSE
	EndGlobalSection
	GlobalSection(ExtensibilityGlobals) = postSolution
		SolutionGuid = {A9CFF1BC-CA11-4C09-9AD6-AFFBD60002C8}
	EndGlobalSection
EndGlobal
